
Microsoft Visual Studio Solution File, Format Version 12.00
# Visual Studio Version 16
VisualStudioVersion = 16.0.30320.27
MinimumVisualStudioVersion = 10.0.40219.1
Project("{9A19103F-16F7-4668-BE54-9A1E7A4F7556}") = "BulkyBook", "BulkyBook\BulkyBook.csproj", "{AB0E5D1B-1E65-416C-B00B-74299A6366A3}"
EndProject
Project("{FAE04EC0-301F-11D3-BF4B-00C04F79EFBC}") = "BulkyBook.DataAccess", "BulkyBook.DataAccess\BulkyBook.DataAccess.csproj", "{C2C29805-2A00-488C-8928-37A75AB509DA}"
EndProject
Project("{FAE04EC0-301F-11D3-BF4B-00C04F79EFBC}") = "BulkyBook.Models", "BulkyBook.Models\BulkyBook.Models.csproj", "{22D79D41-8DC6-4DC9-AF42-E672F51E0343}"
EndProject
Project("{FAE04EC0-301F-11D3-BF4B-00C04F79EFBC}") = "BulkyBook.Utility", "BulkyBook.Utility\BulkyBook.Utility.csproj", "{3BF550D9-0888-485D-9600-CE64EEB04EBA}"
EndProject
Global
	GlobalSection(SolutionConfigurationPlatforms) = preSolution
		Debug|Any CPU = Debug|Any CPU
		Release|Any CPU = Release|Any CPU
	EndGlobalSection
	GlobalSection(ProjectConfigurationPlatforms) = postSolution
		{AB0E5D1B-1E65-416C-B00B-74299A6366A3}.Debug|Any CPU.ActiveCfg = Debug|Any CPU
		{AB0E5D1B-1E65-416C-B00B-74299A6366A3}.Debug|Any CPU.Build.0 = Debug|Any CPU
		{AB0E5D1B-1E65-416C-B00B-74299A6366A3}.Release|Any CPU.ActiveCfg = Release|Any CPU
		{AB0E5D1B-1E65-416C-B00B-74299A6366A3}.Release|Any CPU.Build.0 = Release|Any CPU
		{C2C29805-2A00-488C-8928-37A75AB509DA}.Debug|Any CPU.ActiveCfg = Debug|Any CPU
		{C2C29805-2A00-488C-8928-37A75AB509DA}.Debug|Any CPU.Build.0 = Debug|Any CPU
		{C2C29805-2A00-488C-8928-37A75AB509DA}.Release|Any CPU.ActiveCfg = Release|Any CPU
		{C2C29805-2A00-488C-8928-37A75AB509DA}.Release|Any CPU.Build.0 = Release|Any CPU
		{22D79D41-8DC6-4DC9-AF42-E672F51E0343}.Debug|Any CPU.ActiveCfg = Debug|Any CPU
		{22D79D41-8DC6-4DC9-AF42-E672F51E0343}.Debug|Any CPU.Build.0 = Debug|Any CPU
		{22D79D41-8DC6-4DC9-AF42-E672F51E0343}.Release|Any CPU.ActiveCfg = Release|Any CPU
		{22D79D41-8DC6-4DC9-AF42-E672F51E0343}.Release|Any CPU.Build.0 = Release|Any CPU
		{3BF550D9-0888-485D-9600-CE64EEB04EBA}.Debug|Any CPU.ActiveCfg = Debug|Any CPU
		{3BF550D9-0888-485D-9600-CE64EEB04EBA}.Debug|Any CPU.Build.0 = Debug|Any CPU
		{3BF550D9-0888-485D-9600-CE64EEB04EBA}.Release|Any CPU.ActiveCfg = Release|Any CPU
		{3BF550D9-0888-485D-9600-CE64EEB04EBA}.Release|Any CPU.Build.0 = Release|Any CPU
	EndGlobalSection
	GlobalSection(SolutionProperties) = preSolution
		HideSolutionNode = FALSE
	EndGlobalSection
	GlobalSection(ExtensibilityGlobals) = postSolution
		SolutionGuid = {18404558-DBFA-4592-BBC3-8D1EFB68C1B4}
	EndGlobalSection
EndGlobal
